
Microsoft Visual Studio Solution File, Format Version 12.00
# Visual Studio Version 17
VisualStudioVersion = 17.14.36414.22
MinimumVisualStudioVersion = 10.0.40219.1
Project("{2150E333-8FDC-42A3-9474-1A3956D46DE8}") = "Task0", "Task0", "{02EA681E-C7D8-13C7-8484-4AC65E1B71E8}"
EndProject
Project("{FAE04EC0-301F-11D3-BF4B-00C04F79EFBC}") = "Tyuiu.SivolapEM.Sprint1.Task0.V29", "Tyuiu.SivolapEM.Sprint1.Task0.V29\Tyuiu.SivolapEM.Sprint1.Task0.V29.csproj", "{2FB76E9B-A5CE-5FD3-E867-FBB1A7F35403}"
EndProject
Project("{FAE04EC0-301F-11D3-BF4B-00C04F79EFBC}") = "Tyuiu.SivolapEM.Sprint1.Task0.V29.Lib", "Tyuiu.SivolapEM.Sprint1.Task0.V29.Lib\Tyuiu.SivolapEM.Sprint1.Task0.V29.Lib.csproj", "{9880D88B-47E6-A3C0-EC42-B74C327F3775}"
EndProject
Project("{FAE04EC0-301F-11D3-BF4B-00C04F79EFBC}") = "Tyuiu.SivolapEM.Sprint1.Task0.V29.Test", "Tyuiu.SivolapEM.Sprint1.Task0.V29.Test\Tyuiu.SivolapEM.Sprint1.Task0.V29.Test.csproj", "{0B491A13-112E-BDAC-C30E-53AF6AC27BA3}"
EndProject
Project("{2150E333-8FDC-42A3-9474-1A3956D46DE8}") = "Task1", "Task1", "{BF4B8C53-1C36-48EC-A387-CE77E99E4336}"
EndProject
Project("{FAE04EC0-301F-11D3-BF4B-00C04F79EFBC}") = "Tyuiu.SivolapEM.Sprint1.Task1.V16", "Tyuiu.SivolapEM.Sprint1.Task1.V16\Tyuiu.SivolapEM.Sprint1.Task1.V16.csproj", "{15C8758B-1798-18E4-257E-904BB0562B39}"
EndProject
Project("{FAE04EC0-301F-11D3-BF4B-00C04F79EFBC}") = "Tyuiu.SivolapEM.Sprint1.Task1.V16.Lib", "Tyuiu.SivolapEM.Sprint1.Task1.V16.Lib\Tyuiu.SivolapEM.Sprint1.Task1.V16.Lib.csproj", "{592F1363-3BC1-7E5E-6E10-D7DD2CD3D7BA}"
EndProject
Project("{FAE04EC0-301F-11D3-BF4B-00C04F79EFBC}") = "Tyuiu.SivolapEM.Sprint1.Task1.V16.Test", "Tyuiu.SivolapEM.Sprint1.Task1.V16.Test\Tyuiu.SivolapEM.Sprint1.Task1.V16.Test.csproj", "{657633A9-EE7C-9D75-5BD5-97F4D7153B3F}"
EndProject
Project("{2150E333-8FDC-42A3-9474-1A3956D46DE8}") = "Task2", "Task2", "{CDA4FFAF-4160-4568-B695-78594D38DF7E}"
EndProject
Project("{FAE04EC0-301F-11D3-BF4B-00C04F79EFBC}") = "Tyuiu.SivolapEM.Sprint1.Task2.V10", "Tyuiu.SivolapEM.Sprint1.Task2.V10\Tyuiu.SivolapEM.Sprint1.Task2.V10.csproj", "{CB369726-FCC3-42AD-A9A1-F290A3873B32}"
EndProject
Project("{FAE04EC0-301F-11D3-BF4B-00C04F79EFBC}") = "Tyuiu.SivolapEM.Sprint1.Task2.V10.Lib", "Tyuiu.SivolapEM.Sprint1.Task2.V10.Lib\Tyuiu.SivolapEM.Sprint1.Task2.V10.Lib.csproj", "{92704E54-4A88-4C8F-99CE-40DFAB60F455}"
EndProject
Project("{FAE04EC0-301F-11D3-BF4B-00C04F79EFBC}") = "Tyuiu.SivolapEM.Sprint1.Task2.V10.Test", "Tyuiu.SivolapEM.Sprint1.Task2.V10.Test\Tyuiu.SivolapEM.Sprint1.Task2.V10.Test.csproj", "{F43F2CC1-B337-4913-8366-695CC5BEF246}"
EndProject
Project("{2150E333-8FDC-42A3-9474-1A3956D46DE8}") = "Task3", "Task3", "{BF75DFDC-DAA8-4970-A921-06B0F4582EF1}"
EndProject
Project("{FAE04EC0-301F-11D3-BF4B-00C04F79EFBC}") = "Tyuiu.SivolapEM.Sprint1.Task3.V2", "Tyuiu.SivolapEM.Sprint1.Task3.V2\Tyuiu.SivolapEM.Sprint1.Task3.V2.csproj", "{C1CDCABA-DF4D-4653-8E34-9A478D3132E3}"
EndProject
Project("{FAE04EC0-301F-11D3-BF4B-00C04F79EFBC}") = "Tyuiu.SivolapEM.Sprint1.Task3.V2.Lib", "Tyuiu.SivolapEM.Sprint1.Task3.V2.Lib\Tyuiu.SivolapEM.Sprint1.Task3.V2.Lib.csproj", "{9A6CC774-7111-4C93-B853-84D10255C4C2}"
EndProject
Project("{FAE04EC0-301F-11D3-BF4B-00C04F79EFBC}") = "Tyuiu.SivolapEM.Sprint1.Task3.V2.Test", "Tyuiu.SivolapEM.Sprint1.Task3.V2.Test\Tyuiu.SivolapEM.Sprint1.Task3.V2.Test.csproj", "{D05B6F7A-42D0-4900-AA19-BA460C3E7450}"
EndProject
Project("{2150E333-8FDC-42A3-9474-1A3956D46DE8}") = "Task4", "Task4", "{013A6010-B78A-4176-A61D-31DFFCFE8B1F}"
EndProject
Project("{FAE04EC0-301F-11D3-BF4B-00C04F79EFBC}") = "Tyuiu.SivolapEM.Sprint1.Task4.V19", "Tyuiu.SivolapEM.Sprint1.Task4.V19\Tyuiu.SivolapEM.Sprint1.Task4.V19.csproj", "{FDCDCFAD-1BFB-4092-B938-72216EE77EE2}"
EndProject
Project("{FAE04EC0-301F-11D3-BF4B-00C04F79EFBC}") = "Tyuiu.SivolapEM.Sprint1.Task4.V19.Test", "Tyuiu.SivolapEM.Sprint1.Task4.V19.Test\Tyuiu.SivolapEM.Sprint1.Task4.V19.Test.csproj", "{8C21B6B1-EE50-4B6A-BC1A-215A3D2CDFAD}"
EndProject
Project("{FAE04EC0-301F-11D3-BF4B-00C04F79EFBC}") = "Tyuiu.SivolapEM.Sprint1.Task4.V19.Lib", "Tyuiu.SivolapEM.Sprint1.Task4.V19.Lib\Tyuiu.SivolapEM.Sprint1.Task4.V19.Lib.csproj", "{0FA69DA5-AF13-476B-B5A4-A1EDC209CFD5}"
EndProject
Project("{2150E333-8FDC-42A3-9474-1A3956D46DE8}") = "Task5", "Task5", "{F56C89AD-E5CB-4A5B-BD73-029D11C05F4F}"
EndProject
Project("{FAE04EC0-301F-11D3-BF4B-00C04F79EFBC}") = "Tyuiu.SivolapEM.Sprint1.Task5.V2", "Tyuiu.SivolapEM.Sprint1.Task5.V2\Tyuiu.SivolapEM.Sprint1.Task5.V2.csproj", "{DDE55BDC-77DA-4517-BAFD-6696FC253450}"
EndProject
Project("{FAE04EC0-301F-11D3-BF4B-00C04F79EFBC}") = "Tyuiu.SivolapEM.Sprint1.Task5.V2.Lib", "Tyuiu.SivolapEM.Sprint1.Task5.V2.Lib\Tyuiu.SivolapEM.Sprint1.Task5.V2.Lib.csproj", "{A5D2B398-B5CD-4A18-BD5D-AA793FE8CCDF}"
EndProject
Project("{FAE04EC0-301F-11D3-BF4B-00C04F79EFBC}") = "Tyuiu.SivolapEM.Sprint1.Task5.V2.Test", "Tyuiu.SivolapEM.Sprint1.Task5.V2.Test\Tyuiu.SivolapEM.Sprint1.Task5.V2.Test.csproj", "{0A50C08C-1EAB-4C9C-BF1A-DA152A3BAB1C}"
EndProject
Project("{2150E333-8FDC-42A3-9474-1A3956D46DE8}") = "Task6", "Task6", "{4759B72E-6E82-49C4-9A75-C885242E0E53}"
EndProject
Project("{FAE04EC0-301F-11D3-BF4B-00C04F79EFBC}") = "Tyuiu.SivolapEM.Sprint1.Task6.V13", "Tyuiu.SivolapEM.Sprint1.Task6.V13\Tyuiu.SivolapEM.Sprint1.Task6.V13.csproj", "{96FBDEF6-52E3-4CC7-B87E-9F9C817CCF47}"
EndProject
Project("{FAE04EC0-301F-11D3-BF4B-00C04F79EFBC}") = "Tyuiu.SivolapEM.Sprint1.Task6.V13.Lib", "Tyuiu.SivolapEM.Sprint1.Task6.V13.Lib\Tyuiu.SivolapEM.Sprint1.Task6.V13.Lib.csproj", "{9BEADBAE-06B4-4152-BAED-8BEEE7FE5B82}"
EndProject
Project("{FAE04EC0-301F-11D3-BF4B-00C04F79EFBC}") = "Tyuiu.SivolapEM.Sprint1.Task6.V13.Test", "Tyuiu.SivolapEM.Sprint1.Task6.V13.Test\Tyuiu.SivolapEM.Sprint1.Task6.V13.Test.csproj", "{52AAD297-EBBE-4924-AE7D-CB5C28552A4C}"
EndProject
Project("{2150E333-8FDC-42A3-9474-1A3956D46DE8}") = "Task7", "Task7", "{CC4BBC5A-8100-4624-86E1-1BBBB50FCEF2}"
EndProject
Project("{FAE04EC0-301F-11D3-BF4B-00C04F79EFBC}") = "Tyuiu.SivolapEM.Sprint1.Task7.V13", "Tyuiu.SivolapEM.Sprint1.Task7.V13\Tyuiu.SivolapEM.Sprint1.Task7.V13.csproj", "{E0A283B2-95A1-4120-9D1C-3DFF398CA04F}"
EndProject
Project("{FAE04EC0-301F-11D3-BF4B-00C04F79EFBC}") = "Tyuiu.SivolapEM.Sprint1.Task7.V13.Test", "Tyuiu.SivolapEM.Sprint1.Task7.V13.Test\Tyuiu.SivolapEM.Sprint1.Task7.V13.Test.csproj", "{CF916E2D-655E-40E4-B3F1-DEAF0448BED6}"
EndProject
Project("{FAE04EC0-301F-11D3-BF4B-00C04F79EFBC}") = "Tyuiu.SivolapEM.Sprint1.Task7.V13.Lib", "Tyuiu.SivolapEM.Sprint1.Task7.V13.Lib\Tyuiu.SivolapEM.Sprint1.Task7.V13.Lib.csproj", "{4DC30155-5B39-429E-AEB1-65A203D55681}"
EndProject
Global
	GlobalSection(SolutionConfigurationPlatforms) = preSolution
		Debug|Any CPU = Debug|Any CPU
		Release|Any CPU = Release|Any CPU
	EndGlobalSection
	GlobalSection(ProjectConfigurationPlatforms) = postSolution
		{2FB76E9B-A5CE-5FD3-E867-FBB1A7F35403}.Debug|Any CPU.ActiveCfg = Debug|Any CPU
		{2FB76E9B-A5CE-5FD3-E867-FBB1A7F35403}.Debug|Any CPU.Build.0 = Debug|Any CPU
		{2FB76E9B-A5CE-5FD3-E867-FBB1A7F35403}.Release|Any CPU.ActiveCfg = Release|Any CPU
		{2FB76E9B-A5CE-5FD3-E867-FBB1A7F35403}.Release|Any CPU.Build.0 = Release|Any CPU
		{9880D88B-47E6-A3C0-EC42-B74C327F3775}.Debug|Any CPU.ActiveCfg = Debug|Any CPU
		{9880D88B-47E6-A3C0-EC42-B74C327F3775}.Debug|Any CPU.Build.0 = Debug|Any CPU
		{9880D88B-47E6-A3C0-EC42-B74C327F3775}.Release|Any CPU.ActiveCfg = Release|Any CPU
		{9880D88B-47E6-A3C0-EC42-B74C327F3775}.Release|Any CPU.Build.0 = Release|Any CPU
		{0B491A13-112E-BDAC-C30E-53AF6AC27BA3}.Debug|Any CPU.ActiveCfg = Debug|Any CPU
		{0B491A13-112E-BDAC-C30E-53AF6AC27BA3}.Debug|Any CPU.Build.0 = Debug|Any CPU
		{0B491A13-112E-BDAC-C30E-53AF6AC27BA3}.Release|Any CPU.ActiveCfg = Release|Any CPU
		{0B491A13-112E-BDAC-C30E-53AF6AC27BA3}.Release|Any CPU.Build.0 = Release|Any CPU
		{15C8758B-1798-18E4-257E-904BB0562B39}.Debug|Any CPU.ActiveCfg = Debug|Any CPU
		{15C8758B-1798-18E4-257E-904BB0562B39}.Debug|Any CPU.Build.0 = Debug|Any CPU
		{15C8758B-1798-18E4-257E-904BB0562B39}.Release|Any CPU.ActiveCfg = Release|Any CPU
		{15C8758B-1798-18E4-257E-904BB0562B39}.Release|Any CPU.Build.0 = Release|Any CPU
		{592F1363-3BC1-7E5E-6E10-D7DD2CD3D7BA}.Debug|Any CPU.ActiveCfg = Debug|Any CPU
		{592F1363-3BC1-7E5E-6E10-D7DD2CD3D7BA}.Debug|Any CPU.Build.0 = Debug|Any CPU
		{592F1363-3BC1-7E5E-6E10-D7DD2CD3D7BA}.Release|Any CPU.ActiveCfg = Release|Any CPU
		{592F1363-3BC1-7E5E-6E10-D7DD2CD3D7BA}.Release|Any CPU.Build.0 = Release|Any CPU
		{657633A9-EE7C-9D75-5BD5-97F4D7153B3F}.Debug|Any CPU.ActiveCfg = Debug|Any CPU
		{657633A9-EE7C-9D75-5BD5-97F4D7153B3F}.Debug|Any CPU.Build.0 = Debug|Any CPU
		{657633A9-EE7C-9D75-5BD5-97F4D7153B3F}.Release|Any CPU.ActiveCfg = Release|Any CPU
		{657633A9-EE7C-9D75-5BD5-97F4D7153B3F}.Release|Any CPU.Build.0 = Release|Any CPU
		{CB369726-FCC3-42AD-A9A1-F290A3873B32}.Debug|Any CPU.ActiveCfg = Debug|Any CPU
		{CB369726-FCC3-42AD-A9A1-F290A3873B32}.Debug|Any CPU.Build.0 = Debug|Any CPU
		{CB369726-FCC3-42AD-A9A1-F290A3873B32}.Release|Any CPU.ActiveCfg = Release|Any CPU
		{CB369726-FCC3-42AD-A9A1-F290A3873B32}.Release|Any CPU.Build.0 = Release|Any CPU
		{92704E54-4A88-4C8F-99CE-40DFAB60F455}.Debug|Any CPU.ActiveCfg = Debug|Any CPU
		{92704E54-4A88-4C8F-99CE-40DFAB60F455}.Debug|Any CPU.Build.0 = Debug|Any CPU
		{92704E54-4A88-4C8F-99CE-40DFAB60F455}.Release|Any CPU.ActiveCfg = Release|Any CPU
		{92704E54-4A88-4C8F-99CE-40DFAB60F455}.Release|Any CPU.Build.0 = Release|Any CPU
		{F43F2CC1-B337-4913-8366-695CC5BEF246}.Debug|Any CPU.ActiveCfg = Debug|Any CPU
		{F43F2CC1-B337-4913-8366-695CC5BEF246}.Debug|Any CPU.Build.0 = Debug|Any CPU
		{F43F2CC1-B337-4913-8366-695CC5BEF246}.Release|Any CPU.ActiveCfg = Release|Any CPU
		{F43F2CC1-B337-4913-8366-695CC5BEF246}.Release|Any CPU.Build.0 = Release|Any CPU
		{C1CDCABA-DF4D-4653-8E34-9A478D3132E3}.Debug|Any CPU.ActiveCfg = Debug|Any CPU
		{C1CDCABA-DF4D-4653-8E34-9A478D3132E3}.Debug|Any CPU.Build.0 = Debug|Any CPU
		{C1CDCABA-DF4D-4653-8E34-9A478D3132E3}.Release|Any CPU.ActiveCfg = Release|Any CPU
		{C1CDCABA-DF4D-4653-8E34-9A478D3132E3}.Release|Any CPU.Build.0 = Release|Any CPU
		{9A6CC774-7111-4C93-B853-84D10255C4C2}.Debug|Any CPU.ActiveCfg = Debug|Any CPU
		{9A6CC774-7111-4C93-B853-84D10255C4C2}.Debug|Any CPU.Build.0 = Debug|Any CPU
		{9A6CC774-7111-4C93-B853-84D10255C4C2}.Release|Any CPU.ActiveCfg = Release|Any CPU
		{9A6CC774-7111-4C93-B853-84D10255C4C2}.Release|Any CPU.Build.0 = Release|Any CPU
		{D05B6F7A-42D0-4900-AA19-BA460C3E7450}.Debug|Any CPU.ActiveCfg = Debug|Any CPU
		{D05B6F7A-42D0-4900-AA19-BA460C3E7450}.Debug|Any CPU.Build.0 = Debug|Any CPU
		{D05B6F7A-42D0-4900-AA19-BA460C3E7450}.Release|Any CPU.ActiveCfg = Release|Any CPU
		{D05B6F7A-42D0-4900-AA19-BA460C3E7450}.Release|Any CPU.Build.0 = Release|Any CPU
		{FDCDCFAD-1BFB-4092-B938-72216EE77EE2}.Debug|Any CPU.ActiveCfg = Debug|Any CPU
		{FDCDCFAD-1BFB-4092-B938-72216EE77EE2}.Debug|Any CPU.Build.0 = Debug|Any CPU
		{FDCDCFAD-1BFB-4092-B938-72216EE77EE2}.Release|Any CPU.ActiveCfg = Release|Any CPU
		{FDCDCFAD-1BFB-4092-B938-72216EE77EE2}.Release|Any CPU.Build.0 = Release|Any CPU
		{8C21B6B1-EE50-4B6A-BC1A-215A3D2CDFAD}.Debug|Any CPU.ActiveCfg = Debug|Any CPU
		{8C21B6B1-EE50-4B6A-BC1A-215A3D2CDFAD}.Debug|Any CPU.Build.0 = Debug|Any CPU
		{8C21B6B1-EE50-4B6A-BC1A-215A3D2CDFAD}.Release|Any CPU.ActiveCfg = Release|Any CPU
		{8C21B6B1-EE50-4B6A-BC1A-215A3D2CDFAD}.Release|Any CPU.Build.0 = Release|Any CPU
		{0FA69DA5-AF13-476B-B5A4-A1EDC209CFD5}.Debug|Any CPU.ActiveCfg = Debug|Any CPU
		{0FA69DA5-AF13-476B-B5A4-A1EDC209CFD5}.Debug|Any CPU.Build.0 = Debug|Any CPU
		{0FA69DA5-AF13-476B-B5A4-A1EDC209CFD5}.Release|Any CPU.ActiveCfg = Release|Any CPU
		{0FA69DA5-AF13-476B-B5A4-A1EDC209CFD5}.Release|Any CPU.Build.0 = Release|Any CPU
		{DDE55BDC-77DA-4517-BAFD-6696FC253450}.Debug|Any CPU.ActiveCfg = Debug|Any CPU
		{DDE55BDC-77DA-4517-BAFD-6696FC253450}.Debug|Any CPU.Build.0 = Debug|Any CPU
		{DDE55BDC-77DA-4517-BAFD-6696FC253450}.Release|Any CPU.ActiveCfg = Release|Any CPU
		{DDE55BDC-77DA-4517-BAFD-6696FC253450}.Release|Any CPU.Build.0 = Release|Any CPU
		{A5D2B398-B5CD-4A18-BD5D-AA793FE8CCDF}.Debug|Any CPU.ActiveCfg = Debug|Any CPU
		{A5D2B398-B5CD-4A18-BD5D-AA793FE8CCDF}.Debug|Any CPU.Build.0 = Debug|Any CPU
		{A5D2B398-B5CD-4A18-BD5D-AA793FE8CCDF}.Release|Any CPU.ActiveCfg = Release|Any CPU
		{A5D2B398-B5CD-4A18-BD5D-AA793FE8CCDF}.Release|Any CPU.Build.0 = Release|Any CPU
		{0A50C08C-1EAB-4C9C-BF1A-DA152A3BAB1C}.Debug|Any CPU.ActiveCfg = Debug|Any CPU
		{0A50C08C-1EAB-4C9C-BF1A-DA152A3BAB1C}.Debug|Any CPU.Build.0 = Debug|Any CPU
		{0A50C08C-1EAB-4C9C-BF1A-DA152A3BAB1C}.Release|Any CPU.ActiveCfg = Release|Any CPU
		{0A50C08C-1EAB-4C9C-BF1A-DA152A3BAB1C}.Release|Any CPU.Build.0 = Release|Any CPU
		{96FBDEF6-52E3-4CC7-B87E-9F9C817CCF47}.Debug|Any CPU.ActiveCfg = Debug|Any CPU
		{96FBDEF6-52E3-4CC7-B87E-9F9C817CCF47}.Debug|Any CPU.Build.0 = Debug|Any CPU
		{96FBDEF6-52E3-4CC7-B87E-9F9C817CCF47}.Release|Any CPU.ActiveCfg = Release|Any CPU
		{96FBDEF6-52E3-4CC7-B87E-9F9C817CCF47}.Release|Any CPU.Build.0 = Release|Any CPU
		{9BEADBAE-06B4-4152-BAED-8BEEE7FE5B82}.Debug|Any CPU.ActiveCfg = Debug|Any CPU
		{9BEADBAE-06B4-4152-BAED-8BEEE7FE5B82}.Debug|Any CPU.Build.0 = Debug|Any CPU
		{9BEADBAE-06B4-4152-BAED-8BEEE7FE5B82}.Release|Any CPU.ActiveCfg = Release|Any CPU
		{9BEADBAE-06B4-4152-BAED-8BEEE7FE5B82}.Release|Any CPU.Build.0 = Release|Any CPU
		{52AAD297-EBBE-4924-AE7D-CB5C28552A4C}.Debug|Any CPU.ActiveCfg = Debug|Any CPU
		{52AAD297-EBBE-4924-AE7D-CB5C28552A4C}.Debug|Any CPU.Build.0 = Debug|Any CPU
		{52AAD297-EBBE-4924-AE7D-CB5C28552A4C}.Release|Any CPU.ActiveCfg = Release|Any CPU
		{52AAD297-EBBE-4924-AE7D-CB5C28552A4C}.Release|Any CPU.Build.0 = Release|Any CPU
		{E0A283B2-95A1-4120-9D1C-3DFF398CA04F}.Debug|Any CPU.ActiveCfg = Debug|Any CPU
		{E0A283B2-95A1-4120-9D1C-3DFF398CA04F}.Debug|Any CPU.Build.0 = Debug|Any CPU
		{E0A283B2-95A1-4120-9D1C-3DFF398CA04F}.Release|Any CPU.ActiveCfg = Release|Any CPU
		{E0A283B2-95A1-4120-9D1C-3DFF398CA04F}.Release|Any CPU.Build.0 = Release|Any CPU
		{CF916E2D-655E-40E4-B3F1-DEAF0448BED6}.Debug|Any CPU.ActiveCfg = Debug|Any CPU
		{CF916E2D-655E-40E4-B3F1-DEAF0448BED6}.Debug|Any CPU.Build.0 = Debug|Any CPU
		{CF916E2D-655E-40E4-B3F1-DEAF0448BED6}.Release|Any CPU.ActiveCfg = Release|Any CPU
		{CF916E2D-655E-40E4-B3F1-DEAF0448BED6}.Release|Any CPU.Build.0 = Release|Any CPU
		{4DC30155-5B39-429E-AEB1-65A203D55681}.Debug|Any CPU.ActiveCfg = Debug|Any CPU
		{4DC30155-5B39-429E-AEB1-65A203D55681}.Debug|Any CPU.Build.0 = Debug|Any CPU
		{4DC30155-5B39-429E-AEB1-65A203D55681}.Release|Any CPU.ActiveCfg = Release|Any CPU
		{4DC30155-5B39-429E-AEB1-65A203D55681}.Release|Any CPU.Build.0 = Release|Any CPU
	EndGlobalSection
	GlobalSection(SolutionProperties) = preSolution
		HideSolutionNode = FALSE
	EndGlobalSection
	GlobalSection(NestedProjects) = preSolution
		{2FB76E9B-A5CE-5FD3-E867-FBB1A7F35403} = {02EA681E-C7D8-13C7-8484-4AC65E1B71E8}
		{9880D88B-47E6-A3C0-EC42-B74C327F3775} = {02EA681E-C7D8-13C7-8484-4AC65E1B71E8}
		{0B491A13-112E-BDAC-C30E-53AF6AC27BA3} = {02EA681E-C7D8-13C7-8484-4AC65E1B71E8}
		{15C8758B-1798-18E4-257E-904BB0562B39} = {BF4B8C53-1C36-48EC-A387-CE77E99E4336}
		{592F1363-3BC1-7E5E-6E10-D7DD2CD3D7BA} = {BF4B8C53-1C36-48EC-A387-CE77E99E4336}
		{657633A9-EE7C-9D75-5BD5-97F4D7153B3F} = {BF4B8C53-1C36-48EC-A387-CE77E99E4336}
		{CB369726-FCC3-42AD-A9A1-F290A3873B32} = {CDA4FFAF-4160-4568-B695-78594D38DF7E}
		{92704E54-4A88-4C8F-99CE-40DFAB60F455} = {CDA4FFAF-4160-4568-B695-78594D38DF7E}
		{F43F2CC1-B337-4913-8366-695CC5BEF246} = {CDA4FFAF-4160-4568-B695-78594D38DF7E}
		{C1CDCABA-DF4D-4653-8E34-9A478D3132E3} = {BF75DFDC-DAA8-4970-A921-06B0F4582EF1}
		{9A6CC774-7111-4C93-B853-84D10255C4C2} = {BF75DFDC-DAA8-4970-A921-06B0F4582EF1}
		{D05B6F7A-42D0-4900-AA19-BA460C3E7450} = {BF75DFDC-DAA8-4970-A921-06B0F4582EF1}
		{FDCDCFAD-1BFB-4092-B938-72216EE77EE2} = {013A6010-B78A-4176-A61D-31DFFCFE8B1F}
		{8C21B6B1-EE50-4B6A-BC1A-215A3D2CDFAD} = {013A6010-B78A-4176-A61D-31DFFCFE8B1F}
		{0FA69DA5-AF13-476B-B5A4-A1EDC209CFD5} = {013A6010-B78A-4176-A61D-31DFFCFE8B1F}
		{DDE55BDC-77DA-4517-BAFD-6696FC253450} = {F56C89AD-E5CB-4A5B-BD73-029D11C05F4F}
		{A5D2B398-B5CD-4A18-BD5D-AA793FE8CCDF} = {F56C89AD-E5CB-4A5B-BD73-029D11C05F4F}
		{0A50C08C-1EAB-4C9C-BF1A-DA152A3BAB1C} = {F56C89AD-E5CB-4A5B-BD73-029D11C05F4F}
		{96FBDEF6-52E3-4CC7-B87E-9F9C817CCF47} = {4759B72E-6E82-49C4-9A75-C885242E0E53}
		{9BEADBAE-06B4-4152-BAED-8BEEE7FE5B82} = {4759B72E-6E82-49C4-9A75-C885242E0E53}
		{52AAD297-EBBE-4924-AE7D-CB5C28552A4C} = {4759B72E-6E82-49C4-9A75-C885242E0E53}
		{E0A283B2-95A1-4120-9D1C-3DFF398CA04F} = {CC4BBC5A-8100-4624-86E1-1BBBB50FCEF2}
		{CF916E2D-655E-40E4-B3F1-DEAF0448BED6} = {CC4BBC5A-8100-4624-86E1-1BBBB50FCEF2}
		{4DC30155-5B39-429E-AEB1-65A203D55681} = {CC4BBC5A-8100-4624-86E1-1BBBB50FCEF2}
	EndGlobalSection
	GlobalSection(ExtensibilityGlobals) = postSolution
		SolutionGuid = {4F6F7C17-5C9C-454D-80B5-70579DC9A07D}
	EndGlobalSection
EndGlobal
